
Microsoft Visual Studio Solution File, Format Version 12.00
# Visual Studio Version 16
VisualStudioVersion = 16.0.30104.148
MinimumVisualStudioVersion = 10.0.40219.1
Project("{FAE04EC0-301F-11D3-BF4B-00C04F79EFBC}") = "MvcMovie", "MvcMovie\MvcMovie.csproj", "{A6B08CA8-B21C-489A-B28D-ECE31E8DD380}"
EndProject
Global
	GlobalSection(SolutionConfigurationPlatforms) = preSolution
		Debug|Any CPU = Debug|Any CPU
		Release|Any CPU = Release|Any CPU
	EndGlobalSection
	GlobalSection(ProjectConfigurationPlatforms) = postSolution
		{A6B08CA8-B21C-489A-B28D-ECE31E8DD380}.Debug|Any CPU.ActiveCfg = Debug|Any CPU
		{A6B08CA8-B21C-489A-B28D-ECE31E8DD380}.Debug|Any CPU.Build.0 = Debug|Any CPU
		{A6B08CA8-B21C-489A-B28D-ECE31E8DD380}.Release|Any CPU.ActiveCfg = Release|Any CPU
		{A6B08CA8-B21C-489A-B28D-ECE31E8DD380}.Release|Any CPU.Build.0 = Release|Any CPU
	EndGlobalSection
	GlobalSection(SolutionProperties) = preSolution
		HideSolutionNode = FALSE
	EndGlobalSection
	GlobalSection(ExtensibilityGlobals) = postSolution
		SolutionGuid = {4DB47771-E2AC-4A18-AB2A-C737576F8ED8}
	EndGlobalSection
EndGlobal
